
Microsoft Visual Studio Solution File, Format Version 12.00
# Visual Studio Version 16
VisualStudioVersion = 16.0.30621.155
MinimumVisualStudioVersion = 10.0.40219.1
Project("{8BC9CEB8-8B4A-11D0-8D11-00A0C91BC942}") = "updater", "updater\updater.vcxproj", "{5B1EA129-2B13-4CEA-9641-02E3C5CA445C}"
EndProject
Project("{8BC9CEB8-8B4A-11D0-8D11-00A0C91BC942}") = "Demo1", "Demo1\Demo1.vcxproj", "{38C7B5BA-81AB-4706-A3C9-F6A702D73B70}"
	ProjectSection(ProjectDependencies) = postProject
		{A5E65293-5F4B-426A-A845-6A5C808E171C} = {A5E65293-5F4B-426A-A845-6A5C808E171C}
	EndProjectSection
EndProject
Project("{8BC9CEB8-8B4A-11D0-8D11-00A0C91BC942}") = "UpdateService", "UpdateService\UpdateService.vcxproj", "{A5E65293-5F4B-426A-A845-6A5C808E171C}"
EndProject
Global
	GlobalSection(SolutionConfigurationPlatforms) = preSolution
		Debug|x64 = Debug|x64
		Debug|x86 = Debug|x86
		Release|x64 = Release|x64
		Release|x86 = Release|x86
	EndGlobalSection
	GlobalSection(ProjectConfigurationPlatforms) = postSolution
		{5B1EA129-2B13-4CEA-9641-02E3C5CA445C}.Debug|x64.ActiveCfg = Debug|x64
		{5B1EA129-2B13-4CEA-9641-02E3C5CA445C}.Debug|x64.Build.0 = Debug|x64
		{5B1EA129-2B13-4CEA-9641-02E3C5CA445C}.Debug|x86.ActiveCfg = Debug|Win32
		{5B1EA129-2B13-4CEA-9641-02E3C5CA445C}.Debug|x86.Build.0 = Debug|Win32
		{5B1EA129-2B13-4CEA-9641-02E3C5CA445C}.Release|x64.ActiveCfg = Release|x64
		{5B1EA129-2B13-4CEA-9641-02E3C5CA445C}.Release|x64.Build.0 = Release|x64
		{5B1EA129-2B13-4CEA-9641-02E3C5CA445C}.Release|x86.ActiveCfg = Release|Win32
		{5B1EA129-2B13-4CEA-9641-02E3C5CA445C}.Release|x86.Build.0 = Release|Win32
		{38C7B5BA-81AB-4706-A3C9-F6A702D73B70}.Debug|x64.ActiveCfg = Debug|x64
		{38C7B5BA-81AB-4706-A3C9-F6A702D73B70}.Debug|x64.Build.0 = Debug|x64
		{38C7B5BA-81AB-4706-A3C9-F6A702D73B70}.Debug|x86.ActiveCfg = Debug|Win32
		{38C7B5BA-81AB-4706-A3C9-F6A702D73B70}.Debug|x86.Build.0 = Debug|Win32
		{38C7B5BA-81AB-4706-A3C9-F6A702D73B70}.Release|x64.ActiveCfg = Release|x64
		{38C7B5BA-81AB-4706-A3C9-F6A702D73B70}.Release|x64.Build.0 = Release|x64
		{38C7B5BA-81AB-4706-A3C9-F6A702D73B70}.Release|x86.ActiveCfg = Release|Win32
		{38C7B5BA-81AB-4706-A3C9-F6A702D73B70}.Release|x86.Build.0 = Release|Win32
		{A5E65293-5F4B-426A-A845-6A5C808E171C}.Debug|x64.ActiveCfg = Debug|x64
		{A5E65293-5F4B-426A-A845-6A5C808E171C}.Debug|x64.Build.0 = Debug|x64
		{A5E65293-5F4B-426A-A845-6A5C808E171C}.Debug|x86.ActiveCfg = Debug|Win32
		{A5E65293-5F4B-426A-A845-6A5C808E171C}.Debug|x86.Build.0 = Debug|Win32
		{A5E65293-5F4B-426A-A845-6A5C808E171C}.Release|x64.ActiveCfg = Release|x64
		{A5E65293-5F4B-426A-A845-6A5C808E171C}.Release|x64.Build.0 = Release|x64
		{A5E65293-5F4B-426A-A845-6A5C808E171C}.Release|x86.ActiveCfg = Release|Win32
		{A5E65293-5F4B-426A-A845-6A5C808E171C}.Release|x86.Build.0 = Release|Win32
	EndGlobalSection
	GlobalSection(SolutionProperties) = preSolution
		HideSolutionNode = FALSE
	EndGlobalSection
	GlobalSection(ExtensibilityGlobals) = postSolution
		SolutionGuid = {664E01A8-2DDD-4E5E-B7E1-158048AB4234}
	EndGlobalSection
EndGlobal
